<?xml version="1.0" encoding="utf-8"?>
<Project ToolsVersion="4.0" xmlns="http://schemas.microsoft.com/developer/msbuild/2003">
  <ItemGroup>
    <Filter Include="include">
      <UniqueIdentifier>{93995380-89BD-4b04-88EB-625FBE52EBFB}</UniqueIdentifier>
      <Extensions>h;hh;hpp;hxx;h++;hm;inl;inc;ipp;xsd</Extensions>
    </Filter>
    <Filter Include="source">
      <UniqueIdentifier>{4FC737F1-C7A5-4376-A066-2A32D752A2FF}</UniqueIdentifier>
      <Extensions>cpp;c;cc;cxx;c++;cppm;ixx;def;odl;idl;hpj;bat;asm;asmx</Extensions>
    </Filter>
    <Filter Include="include\MT">
      <UniqueIdentifier>{a75f7680-96b5-4e3f-ba05-e270cd72cb21}</UniqueIdentifier>
    </Filter>
    <Filter Include="include\general">
      <UniqueIdentifier>{f2380fde-8479-4ca6-a277-3155121b513c}</UniqueIdentifier>
    </Filter>
  </ItemGroup>
  <ItemGroup>
    <ClCompile Include="..\source\main.cpp">
      <Filter>source</Filter>
    </ClCompile>
    <ClCompile Include="..\source\VideoHandler.cpp">
      <Filter>source</Filter>
    </ClCompile>
    <ClCompile Include="..\source\TrackerBody.cpp">
      <Filter>source</Filter>
    </ClCompile>
    <ClCompile Include="..\source\PointTracker.cpp">
      <Filter>source</Filter>
    </ClCompile>
  </ItemGroup>
  <ItemGroup>
    <ClInclude Include="..\include\general\VideoHandler.h">
      <Filter>include\general</Filter>
    </ClInclude>
    <ClInclude Include="..\include\general\TrackerBody.h">
      <Filter>include\general</Filter>
    </ClInclude>
    <ClInclude Include="..\include\general\PointTracker.h">
      <Filter>include\general</Filter>
    </ClInclude>
  </ItemGroup>
</Project>